{
  "version": "5",
  "specifiers": {
    "npm:@deno/shim-deno@~0.19.2": "0.19.2",
    "npm:@types/deno@^2.7.0": "2.7.0",
    "npm:@types/node@*": "26.2.0",
    "npm:@types/node@^26.2.0": "26.2.0",
    "npm:@types/sharedworker@^0.0.229": "0.0.229",
    "npm:drizzle-orm@~0.45.2": "0.45.2",
    "npm:mitata@^1.0.34": "1.0.34",
    "npm:zod@^4.4.3": "4.4.3"
  },
  "npm": {
    "@deno/shim-deno-test@0.5.0": {
      "integrity": "sha512-4nMhecpGlPi0cSzT67L+Tm+GOJqvuk8gqHBziqcUQOarnuIax1z96/gJHCSIz2Z0zhxE6Rzwb3IZXPtFh51j+w=="
    },
    "@deno/shim-deno@0.19.2": {
      "integrity": "sha512-q3VTHl44ad8T2Tw2SpeAvghdGOjlnLPDNO2cpOxwMrBE/PVas6geWpbpIgrM+czOCH0yejp0yi8OaTuB+NU40Q==",
      "dependencies": [
        "@deno/shim-deno-test",
        "which"
      ]
    },
    "@types/deno@2.7.0": {
      "integrity": "sha512-Y6fWcV8KpYeO3Lik/RiYnUxtr/LWqoeACciU0CA+dr1U/45tGgaX3HWQQAPCNN53raN4Rr4Fht4y6qsUH57fDA=="
    },
    "@types/node@26.2.0": {
      "integrity": "sha512-5IviulTZeRNp2vAJ514cc/HUlY5nZ9fCbq9DMyC52BrhFZACo3nI0R7qBxhQmo/d27NFe96ur/b7Wwxklda+kg==",
      "dependencies": [
        "undici-types"
      ]
    },
    "@types/sharedworker@0.0.229": {
      "integrity": "sha512-0gPmMzELgb8NngUbvfpWgE73h2jY5zpHrUOswFFcqXFpmbTWEzvJtaB1ZYxv8u4HRJStgwoFtXDFefQwL24Sxg=="
    },
    "drizzle-orm@0.45.2": {
      "integrity": "sha512-kY0BSaTNYWnoDMVoyY8uxmyHjpJW1geOmBMdSSicKo9CIIWkSxMIj2rkeSR51b8KAPB7m+qysjuHme5nKP+E5Q=="
    },
    "isexe@3.1.5": {
      "integrity": "sha512-6B3tLtFqtQS4ekarvLVMZ+X+VlvQekbe4taUkf/rhVO3d/h0M2rfARm/pXLcPEsjjMsFgrFgSrhQIxcSVrBz8w=="
    },
    "mitata@1.0.34": {
      "integrity": "sha512-Mc3zrtNBKIMeHSCQ0XqRLo1vbdIx1wvFV9c8NJAiyho6AjNfMY8bVhbS12bwciUdd1t4rj8099CH3N3NFahaUA=="
    },
    "undici-types@8.3.0": {
      "integrity": "sha512-j375ScV60dom+YkPFIfTLcOiPxkN/buHz5GobjLhixFuANaNs3C9l4GmrWqejgXWJ7BbJcFYpTEUkS1Ge8bpZQ=="
    },
    "which@4.0.0": {
      "integrity": "sha512-GlaYyEb07DPxYCKhKzplCWBJtvxZcZMrL+4UkrTSJHHPyZU4mYYTv3qaOe77H7EODLSSopAUFAc6W8U4yqvscg==",
      "dependencies": [
        "isexe"
      ],
      "bin": true
    },
    "zod@4.4.3": {
      "integrity": "sha512-ytENFjIJFl2UwYglde2jchW2Hwm4GJFLDiSXWdTrJQBIN9Fcyp7n4DhxJEiWNAJMV1/BqWfW/kkg71UDcHJyTQ=="
    }
  },
  "workspace": {
    "dependencies": [
      "npm:@types/node@*",
      "npm:drizzle-orm@~0.45.2",
      "npm:mitata@^1.0.34",
      "npm:zod@^4.4.3"
    ],
    "packageJson": {
      "dependencies": [
        "npm:@deno/shim-deno@~0.19.2",
        "npm:@types/deno@^2.7.0",
        "npm:@types/node@^26.2.0",
        "npm:@types/sharedworker@^0.0.229",
        "npm:mitata@^1.0.34",
        "npm:zod@^4.4.3"
      ]
    }
  }
}
