lockfileVersion: '9.0'

settings:
  autoInstallPeers: true
  excludeLinksFromLockfile: false

importers:

  .:
    dependencies:
      zod:
        specifier: ^4.4.3
        version: 4.4.3
    devDependencies:
      '@deno/shim-deno':
        specifier: ^0.19.2
        version: 0.19.2
      '@types/deno':
        specifier: ^2.7.0
        version: 2.7.0

packages:

  '@deno/shim-deno-test@0.5.0':
    resolution: {integrity: sha512-4nMhecpGlPi0cSzT67L+Tm+GOJqvuk8gqHBziqcUQOarnuIax1z96/gJHCSIz2Z0zhxE6Rzwb3IZXPtFh51j+w==}

  '@deno/shim-deno@0.19.2':
    resolution: {integrity: sha512-q3VTHl44ad8T2Tw2SpeAvghdGOjlnLPDNO2cpOxwMrBE/PVas6geWpbpIgrM+czOCH0yejp0yi8OaTuB+NU40Q==}

  '@types/deno@2.7.0':
    resolution: {integrity: sha512-Y6fWcV8KpYeO3Lik/RiYnUxtr/LWqoeACciU0CA+dr1U/45tGgaX3HWQQAPCNN53raN4Rr4Fht4y6qsUH57fDA==}

  isexe@3.1.5:
    resolution: {integrity: sha512-6B3tLtFqtQS4ekarvLVMZ+X+VlvQekbe4taUkf/rhVO3d/h0M2rfARm/pXLcPEsjjMsFgrFgSrhQIxcSVrBz8w==}
    engines: {node: '>=18'}

  which@4.0.0:
    resolution: {integrity: sha512-GlaYyEb07DPxYCKhKzplCWBJtvxZcZMrL+4UkrTSJHHPyZU4mYYTv3qaOe77H7EODLSSopAUFAc6W8U4yqvscg==}
    engines: {node: ^16.13.0 || >=18.0.0}
    hasBin: true

  zod@4.4.3:
    resolution: {integrity: sha512-ytENFjIJFl2UwYglde2jchW2Hwm4GJFLDiSXWdTrJQBIN9Fcyp7n4DhxJEiWNAJMV1/BqWfW/kkg71UDcHJyTQ==}

snapshots:

  '@deno/shim-deno-test@0.5.0': {}

  '@deno/shim-deno@0.19.2':
    dependencies:
      '@deno/shim-deno-test': 0.5.0
      which: 4.0.0

  '@types/deno@2.7.0': {}

  isexe@3.1.5: {}

  which@4.0.0:
    dependencies:
      isexe: 3.1.5

  zod@4.4.3: {}
